<?xml version="1.0" encoding="utf-8"?>
<Project ToolsVersion="4.0" xmlns="http://schemas.microsoft.com/developer/msbuild/2003">
  <ItemGroup>
    <Filter Include="Source Files">
      <UniqueIdentifier>{4FC737F1-C7A5-4376-A066-2A32D752A2FF}</UniqueIdentifier>
      <Extensions>cpp;c;cxx;def;odl;idl;hpj;bat;asm;asmx</Extensions>
    </Filter>
    <Filter Include="Header Files">
      <UniqueIdentifier>{93995380-89BD-4b04-88EB-625FBE52EBFB}</UniqueIdentifier>
      <Extensions>h;hpp;hxx;hm;inl;inc;xsd</Extensions>
    </Filter>
    <Filter Include="Resource Files">
      <UniqueIdentifier>{67DA6AB6-F800-4c08-8B7A-83BB121AAD01}</UniqueIdentifier>
      <Extensions>rc;ico;cur;bmp;dlg;rc2;rct;bin;rgs;gif;jpg;jpeg;jpe;resx</Extensions>
    </Filter>
  </ItemGroup>
  <ItemGroup>
    <ClCompile Include="..\..\calclib\canting.cpp">
      <Filter>Source Files</Filter>
    </ClCompile>
    <ClCompile Include="..\..\calclib\DataExport.cpp">
      <Filter>Source Files</Filter>
    </ClCompile>
    <ClCompile Include="..\..\calclib\DataExportFunctions.cpp">
      <Filter>Source Files</Filter>
    </ClCompile>
    <ClCompile Include="..\..\calclib\DataExportRepair.cpp">
      <Filter>Source Files</Filter>
    </ClCompile>
    <ClCompile Include="..\..\calclib\DataExportStation.cpp">
      <Filter>Source Files</Filter>
    </ClCompile>
    <ClCompile Include="..\..\calclib\DebugAprinfo.cpp">
      <Filter>Source Files</Filter>
    </ClCompile>
    <ClCompile Include="..\..\calclib\DebugCurves.cpp">
      <Filter>Source Files</Filter>
    </ClCompile>
    <ClCompile Include="..\..\calclib\DebugOvrs.cpp">
      <Filter>Source Files</Filter>
    </ClCompile>
    <ClCompile Include="..\..\calclib\DebugPrNgr.cpp">
      <Filter>Source Files</Filter>
    </ClCompile>
    <ClCompile Include="..\..\calclib\DebugStat.cpp">
      <Filter>Source Files</Filter>
    </ClCompile>
    <ClCompile Include="..\..\calclib\error_messages.cpp">
      <Filter>Source Files</Filter>
    </ClCompile>
    <ClCompile Include="..\..\calclib\markers.cpp">
      <Filter>Source Files</Filter>
    </ClCompile>
    <ClCompile Include="..\..\calclib\oversteps.cpp">
      <Filter>Source Files</Filter>
    </ClCompile>
    <ClCompile Include="..\..\calclib\parameters.cpp">
      <Filter>Source Files</Filter>
    </ClCompile>
    <ClCompile Include="..\..\calclib\rtparam.cpp">
      <Filter>Source Files</Filter>
    </ClCompile>
    <ClCompile Include="..\..\calclib\rtsockets.cpp">
      <Filter>Source Files</Filter>
    </ClCompile>
    <ClCompile Include="..\..\calclib\situation.cpp">
      <Filter>Source Files</Filter>
    </ClCompile>
    <ClCompile Include="..\..\calclib\stationConv.cpp">
      <Filter>Source Files</Filter>
    </ClCompile>
    <ClCompile Include="..\..\calclib\tables.cpp">
      <Filter>Source Files</Filter>
    </ClCompile>
    <ClCompile Include="..\..\calclib\UpdateDB.cpp">
      <Filter>Source Files</Filter>
    </ClCompile>
    <ClCompile Include="..\..\calclib\VAprinfo.cpp">
      <Filter>Source Files</Filter>
    </ClCompile>
    <ClCompile Include="..\..\calclib\VAprinfoDB.cpp">
      <Filter>Source Files</Filter>
    </ClCompile>
    <ClCompile Include="..\..\calclib\VAprinfoFile.cpp">
      <Filter>Source Files</Filter>
    </ClCompile>
    <ClCompile Include="..\..\calclib\VAprinfoRecord.cpp">
      <Filter>Source Files</Filter>
    </ClCompile>
    <ClCompile Include="..\..\calclib\VBasicParameter.cpp">
      <Filter>Source Files</Filter>
    </ClCompile>
    <ClCompile Include="..\..\calclib\VCalcOptions.cpp">
      <Filter>Source Files</Filter>
    </ClCompile>
    <ClCompile Include="..\..\calclib\VComment.cpp">
      <Filter>Source Files</Filter>
    </ClCompile>
    <ClCompile Include="..\..\calclib\VControlArea.cpp">
      <Filter>Source Files</Filter>
    </ClCompile>
    <ClCompile Include="..\..\calclib\VCoordPoint.cpp">
      <Filter>Source Files</Filter>
    </ClCompile>
    <ClCompile Include="..\..\calclib\VCorrupt.cpp">
      <Filter>Source Files</Filter>
    </ClCompile>
    <ClCompile Include="..\..\calclib\VCurve.cpp">
      <Filter>Source Files</Filter>
    </ClCompile>
    <ClCompile Include="..\..\calclib\VCurveExport.cpp">
      <Filter>Source Files</Filter>
    </ClCompile>
    <ClCompile Include="..\..\calclib\VCurveList.cpp">
      <Filter>Source Files</Filter>
    </ClCompile>
    <ClCompile Include="..\..\calclib\VDataSet.cpp">
      <Filter>Source Files</Filter>
    </ClCompile>
    <ClCompile Include="..\..\calclib\VDiffWidth.cpp">
      <Filter>Source Files</Filter>
    </ClCompile>
    <ClCompile Include="..\..\calclib\VExportImportTextFile.cpp">
      <Filter>Source Files</Filter>
    </ClCompile>
    <ClCompile Include="..\..\calclib\VFileMark.cpp">
      <Filter>Source Files</Filter>
    </ClCompile>
    <ClCompile Include="..\..\calclib\VHistory.cpp">
      <Filter>Source Files</Filter>
    </ClCompile>
    <ClCompile Include="..\..\calclib\VHtml.cpp">
      <Filter>Source Files</Filter>
    </ClCompile>
    <ClCompile Include="..\..\calclib\VKmResult.cpp">
      <Filter>Source Files</Filter>
    </ClCompile>
    <ClCompile Include="..\..\calclib\VLineList.cpp">
      <Filter>Source Files</Filter>
    </ClCompile>
    <ClCompile Include="..\..\calclib\VOperationResult.cpp">
      <Filter>Source Files</Filter>
    </ClCompile>
    <ClCompile Include="..\..\calclib\VOpMark.cpp">
      <Filter>Source Files</Filter>
    </ClCompile>
    <ClCompile Include="..\..\calclib\VOverstep.cpp">
      <Filter>Source Files</Filter>
    </ClCompile>
    <ClCompile Include="..\..\calclib\VParamCorrections.cpp">
      <Filter>Source Files</Filter>
    </ClCompile>
    <ClCompile Include="..\..\calclib\VParameter.cpp">
      <Filter>Source Files</Filter>
    </ClCompile>
    <ClCompile Include="..\..\calclib\VPer.cpp">
      <Filter>Source Files</Filter>
    </ClCompile>
    <ClCompile Include="..\..\calclib\VPerLine.cpp">
      <Filter>Source Files</Filter>
    </ClCompile>
    <ClCompile Include="..\..\calclib\VPlan.cpp">
      <Filter>Source Files</Filter>
    </ClCompile>
    <ClCompile Include="..\..\calclib\VPlanElemList.cpp">
      <Filter>Source Files</Filter>
    </ClCompile>
    <ClCompile Include="..\..\calclib\VPrNgrAreas.cpp">
      <Filter>Source Files</Filter>
    </ClCompile>
    <ClCompile Include="..\..\calclib\VProfile.cpp">
      <Filter>Source Files</Filter>
    </ClCompile>
    <ClCompile Include="..\..\calclib\VRemoteFile.cpp">
      <Filter>Source Files</Filter>
    </ClCompile>
    <ClCompile Include="..\..\calclib\VRepairEstimate.cpp">
      <Filter>Source Files</Filter>
    </ClCompile>
    <ClCompile Include="..\..\calclib\VSidewayList.cpp">
      <Filter>Source Files</Filter>
    </ClCompile>
    <ClCompile Include="..\..\calclib\VStatistics.cpp">
      <Filter>Source Files</Filter>
    </ClCompile>
    <ClCompile Include="..\..\calclib\VUklon.cpp">
      <Filter>Source Files</Filter>
    </ClCompile>
    <ClCompile Include="..\..\calclib\VWear.cpp">
      <Filter>Source Files</Filter>
    </ClCompile>
    <ClCompile Include="..\..\calclib\VXMLReportBuilder.cpp">
      <Filter>Source Files</Filter>
    </ClCompile>
    <ClCompile Include="..\..\calclib\VXMLRouteList.cpp">
      <Filter>Source Files</Filter>
    </ClCompile>
    <ClCompile Include="..\..\calclib\VZazor.cpp">
      <Filter>Source Files</Filter>
    </ClCompile>
  </ItemGroup>
  <ItemGroup>
    <ClInclude Include="..\..\calclib\calclib.h">
      <Filter>Header Files</Filter>
    </ClInclude>
    <ClInclude Include="..\..\calclib\canting.h">
      <Filter>Header Files</Filter>
    </ClInclude>
    <ClInclude Include="..\..\calclib\DataExport.h">
      <Filter>Header Files</Filter>
    </ClInclude>
    <ClInclude Include="..\..\calclib\DataExportFunctions.h">
      <Filter>Header Files</Filter>
    </ClInclude>
    <ClInclude Include="..\..\calclib\DebugAprinfo.h">
      <Filter>Header Files</Filter>
    </ClInclude>
    <ClInclude Include="..\..\calclib\DebugCurves.h">
      <Filter>Header Files</Filter>
    </ClInclude>
    <ClInclude Include="..\..\calclib\DebugOvrs.h">
      <Filter>Header Files</Filter>
    </ClInclude>
    <ClInclude Include="..\..\calclib\DebugPrNgr.h">
      <Filter>Header Files</Filter>
    </ClInclude>
    <ClInclude Include="..\..\calclib\DebugStat.h">
      <Filter>Header Files</Filter>
    </ClInclude>
    <ClInclude Include="..\..\calclib\error_messages.h">
      <Filter>Header Files</Filter>
    </ClInclude>
    <ClInclude Include="..\..\calclib\inm.h">
      <Filter>Header Files</Filter>
    </ClInclude>
    <ClInclude Include="..\..\calclib\markers.h">
      <Filter>Header Files</Filter>
    </ClInclude>
    <ClInclude Include="..\..\calclib\oversteps.h">
      <Filter>Header Files</Filter>
    </ClInclude>
    <ClInclude Include="..\..\calclib\parameters.h">
      <Filter>Header Files</Filter>
    </ClInclude>
    <ClInclude Include="..\..\calclib\rtparam.h">
      <Filter>Header Files</Filter>
    </ClInclude>
    <ClInclude Include="..\..\calclib\rtsockets.h">
      <Filter>Header Files</Filter>
    </ClInclude>
    <ClInclude Include="..\..\calclib\situation.h">
      <Filter>Header Files</Filter>
    </ClInclude>
    <ClInclude Include="..\..\calclib\stationConv.h">
      <Filter>Header Files</Filter>
    </ClInclude>
    <ClInclude Include="..\..\calclib\tables.h">
      <Filter>Header Files</Filter>
    </ClInclude>
    <ClInclude Include="..\..\calclib\UpdateDB.h">
      <Filter>Header Files</Filter>
    </ClInclude>
    <ClInclude Include="..\..\calclib\VAprinfo.h">
      <Filter>Header Files</Filter>
    </ClInclude>
    <ClInclude Include="..\..\calclib\VAprinfoRecord.h">
      <Filter>Header Files</Filter>
    </ClInclude>
    <ClInclude Include="..\..\calclib\VBasicParameter.h">
      <Filter>Header Files</Filter>
    </ClInclude>
    <ClInclude Include="..\..\calclib\VCalcOptions.h">
      <Filter>Header Files</Filter>
    </ClInclude>
    <ClInclude Include="..\..\calclib\VComment.h">
      <Filter>Header Files</Filter>
    </ClInclude>
    <ClInclude Include="..\..\calclib\VControlArea.h">
      <Filter>Header Files</Filter>
    </ClInclude>
    <ClInclude Include="..\..\calclib\VCoordPoint.h">
      <Filter>Header Files</Filter>
    </ClInclude>
    <ClInclude Include="..\..\calclib\VCorrupt.h">
      <Filter>Header Files</Filter>
    </ClInclude>
    <ClInclude Include="..\..\calclib\VCurve.h">
      <Filter>Header Files</Filter>
    </ClInclude>
    <ClInclude Include="..\..\calclib\VCurveExport.h">
      <Filter>Header Files</Filter>
    </ClInclude>
    <ClInclude Include="..\..\calclib\VCurveList.h">
      <Filter>Header Files</Filter>
    </ClInclude>
    <ClInclude Include="..\..\calclib\VDataSet.h">
      <Filter>Header Files</Filter>
    </ClInclude>
    <ClInclude Include="..\..\calclib\VDiffWidth.h">
      <Filter>Header Files</Filter>
    </ClInclude>
    <ClInclude Include="..\..\calclib\VExportImportTextFile.h">
      <Filter>Header Files</Filter>
    </ClInclude>
    <ClInclude Include="..\..\calclib\VFileMark.h">
      <Filter>Header Files</Filter>
    </ClInclude>
    <ClInclude Include="..\..\calclib\VFunctionParser.h">
      <Filter>Header Files</Filter>
    </ClInclude>
    <ClInclude Include="..\..\calclib\VHistory.h">
      <Filter>Header Files</Filter>
    </ClInclude>
    <ClInclude Include="..\..\calclib\VHtml.h">
      <Filter>Header Files</Filter>
    </ClInclude>
    <ClInclude Include="..\..\calclib\VKmResult.h">
      <Filter>Header Files</Filter>
    </ClInclude>
    <ClInclude Include="..\..\calclib\VLineList.h">
      <Filter>Header Files</Filter>
    </ClInclude>
    <ClInclude Include="..\..\calclib\VOperationResult.h">
      <Filter>Header Files</Filter>
    </ClInclude>
    <ClInclude Include="..\..\calclib\VOpMark.h">
      <Filter>Header Files</Filter>
    </ClInclude>
    <ClInclude Include="..\..\calclib\VOverstep.h">
      <Filter>Header Files</Filter>
    </ClInclude>
    <ClInclude Include="..\..\calclib\VParamCorrections.h">
      <Filter>Header Files</Filter>
    </ClInclude>
    <ClInclude Include="..\..\calclib\VParameter.h">
      <Filter>Header Files</Filter>
    </ClInclude>
    <ClInclude Include="..\..\calclib\VPer.h">
      <Filter>Header Files</Filter>
    </ClInclude>
    <ClInclude Include="..\..\calclib\VPerLine.h">
      <Filter>Header Files</Filter>
    </ClInclude>
    <ClInclude Include="..\..\calclib\VPlan.h">
      <Filter>Header Files</Filter>
    </ClInclude>
    <ClInclude Include="..\..\calclib\VPlanElemList.h">
      <Filter>Header Files</Filter>
    </ClInclude>
    <ClInclude Include="..\..\calclib\VPrNgrAreas.h">
      <Filter>Header Files</Filter>
    </ClInclude>
    <ClInclude Include="..\..\calclib\VProfile.h">
      <Filter>Header Files</Filter>
    </ClInclude>
    <ClInclude Include="..\..\calclib\VRemoteFile.h">
      <Filter>Header Files</Filter>
    </ClInclude>
    <ClInclude Include="..\..\calclib\VRepairEstimate.h">
      <Filter>Header Files</Filter>
    </ClInclude>
    <ClInclude Include="..\..\calclib\VSidewayList.h">
      <Filter>Header Files</Filter>
    </ClInclude>
    <ClInclude Include="..\..\calclib\VStatistics.h">
      <Filter>Header Files</Filter>
    </ClInclude>
    <ClInclude Include="..\..\calclib\VUklon.h">
      <Filter>Header Files</Filter>
    </ClInclude>
    <ClInclude Include="..\..\calclib\VWear.h">
      <Filter>Header Files</Filter>
    </ClInclude>
    <ClInclude Include="..\..\calclib\VXMLReportBuilder.h">
      <Filter>Header Files</Filter>
    </ClInclude>
    <ClInclude Include="..\..\calclib\VXMLRouteList.h">
      <Filter>Header Files</Filter>
    </ClInclude>
    <ClInclude Include="..\..\calclib\VZazor.h">
      <Filter>Header Files</Filter>
    </ClInclude>
  </ItemGroup>
</Project>